
Microsoft Visual Studio Solution File, Format Version 12.00
# Visual Studio 2013
VisualStudioVersion = 12.0.21005.1
MinimumVisualStudioVersion = 10.0.40219.1
Project("{FAE04EC0-301F-11D3-BF4B-00C04F79EFBC}") = "Holy War", "Holy War\Holy War.csproj", "{8F6CB807-2E44-454A-8B86-0C8338370EE4}"
EndProject
Project("{FAE04EC0-301F-11D3-BF4B-00C04F79EFBC}") = "Content", "Content\Content\Content.csproj", "{58F083CB-41AA-4615-B494-3312A48268DD}"
EndProject
Project("{96E2B04D-8817-42C6-938A-82C39BA4D311}") = "ContentContent", "Content\ContentContent\ContentContent.contentproj", "{2BC46297-A1E6-4604-93EB-BD8D05C97CA5}"
EndProject
Global
	GlobalSection(SolutionConfigurationPlatforms) = preSolution
		Android|Any CPU = Android|Any CPU
		Android|Mixed Platforms = Android|Mixed Platforms
		Android|x86 = Android|x86
		Debug|Any CPU = Debug|Any CPU
		Debug|Mixed Platforms = Debug|Mixed Platforms
		Debug|x86 = Debug|x86
		iOS|Any CPU = iOS|Any CPU
		iOS|Mixed Platforms = iOS|Mixed Platforms
		iOS|x86 = iOS|x86
		Linux|Any CPU = Linux|Any CPU
		Linux|Mixed Platforms = Linux|Mixed Platforms
		Linux|x86 = Linux|x86
		OSX|Any CPU = OSX|Any CPU
		OSX|Mixed Platforms = OSX|Mixed Platforms
		OSX|x86 = OSX|x86
		PSM|Any CPU = PSM|Any CPU
		PSM|Mixed Platforms = PSM|Mixed Platforms
		PSM|x86 = PSM|x86
		Release|Any CPU = Release|Any CPU
		Release|Mixed Platforms = Release|Mixed Platforms
		Release|x86 = Release|x86
		Windows|Any CPU = Windows|Any CPU
		Windows|Mixed Platforms = Windows|Mixed Platforms
		Windows|x86 = Windows|x86
		Windows8|Any CPU = Windows8|Any CPU
		Windows8|Mixed Platforms = Windows8|Mixed Platforms
		Windows8|x86 = Windows8|x86
	EndGlobalSection
	GlobalSection(ProjectConfigurationPlatforms) = postSolution
		{8F6CB807-2E44-454A-8B86-0C8338370EE4}.Android|Any CPU.ActiveCfg = Release|x86
		{8F6CB807-2E44-454A-8B86-0C8338370EE4}.Android|Mixed Platforms.ActiveCfg = Release|x86
		{8F6CB807-2E44-454A-8B86-0C8338370EE4}.Android|Mixed Platforms.Build.0 = Release|x86
		{8F6CB807-2E44-454A-8B86-0C8338370EE4}.Android|x86.ActiveCfg = Release|x86
		{8F6CB807-2E44-454A-8B86-0C8338370EE4}.Android|x86.Build.0 = Release|x86
		{8F6CB807-2E44-454A-8B86-0C8338370EE4}.Debug|Any CPU.ActiveCfg = Debug|x86
		{8F6CB807-2E44-454A-8B86-0C8338370EE4}.Debug|Mixed Platforms.ActiveCfg = Debug|x86
		{8F6CB807-2E44-454A-8B86-0C8338370EE4}.Debug|Mixed Platforms.Build.0 = Debug|x86
		{8F6CB807-2E44-454A-8B86-0C8338370EE4}.Debug|x86.ActiveCfg = Debug|x86
		{8F6CB807-2E44-454A-8B86-0C8338370EE4}.Debug|x86.Build.0 = Debug|x86
		{8F6CB807-2E44-454A-8B86-0C8338370EE4}.iOS|Any CPU.ActiveCfg = Release|x86
		{8F6CB807-2E44-454A-8B86-0C8338370EE4}.iOS|Mixed Platforms.ActiveCfg = Release|x86
		{8F6CB807-2E44-454A-8B86-0C8338370EE4}.iOS|Mixed Platforms.Build.0 = Release|x86
		{8F6CB807-2E44-454A-8B86-0C8338370EE4}.iOS|x86.ActiveCfg = Release|x86
		{8F6CB807-2E44-454A-8B86-0C8338370EE4}.iOS|x86.Build.0 = Release|x86
		{8F6CB807-2E44-454A-8B86-0C8338370EE4}.Linux|Any CPU.ActiveCfg = Release|x86
		{8F6CB807-2E44-454A-8B86-0C8338370EE4}.Linux|Mixed Platforms.ActiveCfg = Release|x86
		{8F6CB807-2E44-454A-8B86-0C8338370EE4}.Linux|Mixed Platforms.Build.0 = Release|x86
		{8F6CB807-2E44-454A-8B86-0C8338370EE4}.Linux|x86.ActiveCfg = Release|x86
		{8F6CB807-2E44-454A-8B86-0C8338370EE4}.Linux|x86.Build.0 = Release|x86
		{8F6CB807-2E44-454A-8B86-0C8338370EE4}.OSX|Any CPU.ActiveCfg = Release|x86
		{8F6CB807-2E44-454A-8B86-0C8338370EE4}.OSX|Mixed Platforms.ActiveCfg = Release|x86
		{8F6CB807-2E44-454A-8B86-0C8338370EE4}.OSX|Mixed Platforms.Build.0 = Release|x86
		{8F6CB807-2E44-454A-8B86-0C8338370EE4}.OSX|x86.ActiveCfg = Release|x86
		{8F6CB807-2E44-454A-8B86-0C8338370EE4}.OSX|x86.Build.0 = Release|x86
		{8F6CB807-2E44-454A-8B86-0C8338370EE4}.PSM|Any CPU.ActiveCfg = Release|x86
		{8F6CB807-2E44-454A-8B86-0C8338370EE4}.PSM|Mixed Platforms.ActiveCfg = Release|x86
		{8F6CB807-2E44-454A-8B86-0C8338370EE4}.PSM|Mixed Platforms.Build.0 = Release|x86
		{8F6CB807-2E44-454A-8B86-0C8338370EE4}.PSM|x86.ActiveCfg = Release|x86
		{8F6CB807-2E44-454A-8B86-0C8338370EE4}.PSM|x86.Build.0 = Release|x86
		{8F6CB807-2E44-454A-8B86-0C8338370EE4}.Release|Any CPU.ActiveCfg = Release|x86
		{8F6CB807-2E44-454A-8B86-0C8338370EE4}.Release|Mixed Platforms.ActiveCfg = Release|x86
		{8F6CB807-2E44-454A-8B86-0C8338370EE4}.Release|Mixed Platforms.Build.0 = Release|x86
		{8F6CB807-2E44-454A-8B86-0C8338370EE4}.Release|x86.ActiveCfg = Release|x86
		{8F6CB807-2E44-454A-8B86-0C8338370EE4}.Release|x86.Build.0 = Release|x86
		{8F6CB807-2E44-454A-8B86-0C8338370EE4}.Windows|Any CPU.ActiveCfg = Release|x86
		{8F6CB807-2E44-454A-8B86-0C8338370EE4}.Windows|Mixed Platforms.ActiveCfg = Release|x86
		{8F6CB807-2E44-454A-8B86-0C8338370EE4}.Windows|Mixed Platforms.Build.0 = Release|x86
		{8F6CB807-2E44-454A-8B86-0C8338370EE4}.Windows|x86.ActiveCfg = Release|x86
		{8F6CB807-2E44-454A-8B86-0C8338370EE4}.Windows|x86.Build.0 = Release|x86
		{8F6CB807-2E44-454A-8B86-0C8338370EE4}.Windows8|Any CPU.ActiveCfg = Release|x86
		{8F6CB807-2E44-454A-8B86-0C8338370EE4}.Windows8|Mixed Platforms.ActiveCfg = Release|x86
		{8F6CB807-2E44-454A-8B86-0C8338370EE4}.Windows8|Mixed Platforms.Build.0 = Release|x86
		{8F6CB807-2E44-454A-8B86-0C8338370EE4}.Windows8|x86.ActiveCfg = Release|x86
		{8F6CB807-2E44-454A-8B86-0C8338370EE4}.Windows8|x86.Build.0 = Release|x86
		{58F083CB-41AA-4615-B494-3312A48268DD}.Android|Any CPU.ActiveCfg = Android|Any CPU
		{58F083CB-41AA-4615-B494-3312A48268DD}.Android|Any CPU.Build.0 = Android|Any CPU
		{58F083CB-41AA-4615-B494-3312A48268DD}.Android|Mixed Platforms.ActiveCfg = Android|Any CPU
		{58F083CB-41AA-4615-B494-3312A48268DD}.Android|Mixed Platforms.Build.0 = Android|Any CPU
		{58F083CB-41AA-4615-B494-3312A48268DD}.Android|x86.ActiveCfg = Android|Any CPU
		{58F083CB-41AA-4615-B494-3312A48268DD}.Debug|Any CPU.ActiveCfg = PSM|Any CPU
		{58F083CB-41AA-4615-B494-3312A48268DD}.Debug|Any CPU.Build.0 = PSM|Any CPU
		{58F083CB-41AA-4615-B494-3312A48268DD}.Debug|Mixed Platforms.ActiveCfg = PSM|Any CPU
		{58F083CB-41AA-4615-B494-3312A48268DD}.Debug|Mixed Platforms.Build.0 = PSM|Any CPU
		{58F083CB-41AA-4615-B494-3312A48268DD}.Debug|x86.ActiveCfg = PSM|Any CPU
		{58F083CB-41AA-4615-B494-3312A48268DD}.iOS|Any CPU.ActiveCfg = iOS|Any CPU
		{58F083CB-41AA-4615-B494-3312A48268DD}.iOS|Any CPU.Build.0 = iOS|Any CPU
		{58F083CB-41AA-4615-B494-3312A48268DD}.iOS|Mixed Platforms.ActiveCfg = iOS|Any CPU
		{58F083CB-41AA-4615-B494-3312A48268DD}.iOS|Mixed Platforms.Build.0 = iOS|Any CPU
		{58F083CB-41AA-4615-B494-3312A48268DD}.iOS|x86.ActiveCfg = iOS|Any CPU
		{58F083CB-41AA-4615-B494-3312A48268DD}.Linux|Any CPU.ActiveCfg = Linux|Any CPU
		{58F083CB-41AA-4615-B494-3312A48268DD}.Linux|Any CPU.Build.0 = Linux|Any CPU
		{58F083CB-41AA-4615-B494-3312A48268DD}.Linux|Mixed Platforms.ActiveCfg = Linux|Any CPU
		{58F083CB-41AA-4615-B494-3312A48268DD}.Linux|Mixed Platforms.Build.0 = Linux|Any CPU
		{58F083CB-41AA-4615-B494-3312A48268DD}.Linux|x86.ActiveCfg = Linux|Any CPU
		{58F083CB-41AA-4615-B494-3312A48268DD}.OSX|Any CPU.ActiveCfg = OSX|Any CPU
		{58F083CB-41AA-4615-B494-3312A48268DD}.OSX|Any CPU.Build.0 = OSX|Any CPU
		{58F083CB-41AA-4615-B494-3312A48268DD}.OSX|Mixed Platforms.ActiveCfg = OSX|Any CPU
		{58F083CB-41AA-4615-B494-3312A48268DD}.OSX|Mixed Platforms.Build.0 = OSX|Any CPU
		{58F083CB-41AA-4615-B494-3312A48268DD}.OSX|x86.ActiveCfg = OSX|Any CPU
		{58F083CB-41AA-4615-B494-3312A48268DD}.PSM|Any CPU.ActiveCfg = PSM|Any CPU
		{58F083CB-41AA-4615-B494-3312A48268DD}.PSM|Any CPU.Build.0 = PSM|Any CPU
		{58F083CB-41AA-4615-B494-3312A48268DD}.PSM|Mixed Platforms.ActiveCfg = PSM|Any CPU
		{58F083CB-41AA-4615-B494-3312A48268DD}.PSM|Mixed Platforms.Build.0 = PSM|Any CPU
		{58F083CB-41AA-4615-B494-3312A48268DD}.PSM|x86.ActiveCfg = PSM|Any CPU
		{58F083CB-41AA-4615-B494-3312A48268DD}.Release|Any CPU.ActiveCfg = PSM|Any CPU
		{58F083CB-41AA-4615-B494-3312A48268DD}.Release|Any CPU.Build.0 = PSM|Any CPU
		{58F083CB-41AA-4615-B494-3312A48268DD}.Release|Mixed Platforms.ActiveCfg = PSM|Any CPU
		{58F083CB-41AA-4615-B494-3312A48268DD}.Release|Mixed Platforms.Build.0 = PSM|Any CPU
		{58F083CB-41AA-4615-B494-3312A48268DD}.Release|x86.ActiveCfg = PSM|Any CPU
		{58F083CB-41AA-4615-B494-3312A48268DD}.Windows|Any CPU.ActiveCfg = Windows|Any CPU
		{58F083CB-41AA-4615-B494-3312A48268DD}.Windows|Any CPU.Build.0 = Windows|Any CPU
		{58F083CB-41AA-4615-B494-3312A48268DD}.Windows|Mixed Platforms.ActiveCfg = Windows|Any CPU
		{58F083CB-41AA-4615-B494-3312A48268DD}.Windows|Mixed Platforms.Build.0 = Windows|Any CPU
		{58F083CB-41AA-4615-B494-3312A48268DD}.Windows|x86.ActiveCfg = Windows|Any CPU
		{58F083CB-41AA-4615-B494-3312A48268DD}.Windows8|Any CPU.ActiveCfg = Windows8|Any CPU
		{58F083CB-41AA-4615-B494-3312A48268DD}.Windows8|Any CPU.Build.0 = Windows8|Any CPU
		{58F083CB-41AA-4615-B494-3312A48268DD}.Windows8|Mixed Platforms.ActiveCfg = Windows8|Any CPU
		{58F083CB-41AA-4615-B494-3312A48268DD}.Windows8|Mixed Platforms.Build.0 = Windows8|Any CPU
		{58F083CB-41AA-4615-B494-3312A48268DD}.Windows8|x86.ActiveCfg = Windows8|Any CPU
		{2BC46297-A1E6-4604-93EB-BD8D05C97CA5}.Android|Any CPU.ActiveCfg = Android|Any CPU
		{2BC46297-A1E6-4604-93EB-BD8D05C97CA5}.Android|Mixed Platforms.ActiveCfg = Android|Any CPU
		{2BC46297-A1E6-4604-93EB-BD8D05C97CA5}.Android|x86.ActiveCfg = Android|Any CPU
		{2BC46297-A1E6-4604-93EB-BD8D05C97CA5}.Debug|Any CPU.ActiveCfg = PSM|Any CPU
		{2BC46297-A1E6-4604-93EB-BD8D05C97CA5}.Debug|Mixed Platforms.ActiveCfg = PSM|Any CPU
		{2BC46297-A1E6-4604-93EB-BD8D05C97CA5}.Debug|x86.ActiveCfg = PSM|Any CPU
		{2BC46297-A1E6-4604-93EB-BD8D05C97CA5}.iOS|Any CPU.ActiveCfg = iOS|Any CPU
		{2BC46297-A1E6-4604-93EB-BD8D05C97CA5}.iOS|Mixed Platforms.ActiveCfg = iOS|Any CPU
		{2BC46297-A1E6-4604-93EB-BD8D05C97CA5}.iOS|x86.ActiveCfg = iOS|Any CPU
		{2BC46297-A1E6-4604-93EB-BD8D05C97CA5}.Linux|Any CPU.ActiveCfg = Linux|Any CPU
		{2BC46297-A1E6-4604-93EB-BD8D05C97CA5}.Linux|Mixed Platforms.ActiveCfg = Linux|Any CPU
		{2BC46297-A1E6-4604-93EB-BD8D05C97CA5}.Linux|x86.ActiveCfg = Linux|Any CPU
		{2BC46297-A1E6-4604-93EB-BD8D05C97CA5}.OSX|Any CPU.ActiveCfg = OSX|Any CPU
		{2BC46297-A1E6-4604-93EB-BD8D05C97CA5}.OSX|Mixed Platforms.ActiveCfg = OSX|Any CPU
		{2BC46297-A1E6-4604-93EB-BD8D05C97CA5}.OSX|x86.ActiveCfg = OSX|Any CPU
		{2BC46297-A1E6-4604-93EB-BD8D05C97CA5}.PSM|Any CPU.ActiveCfg = PSM|Any CPU
		{2BC46297-A1E6-4604-93EB-BD8D05C97CA5}.PSM|Mixed Platforms.ActiveCfg = PSM|Any CPU
		{2BC46297-A1E6-4604-93EB-BD8D05C97CA5}.PSM|x86.ActiveCfg = PSM|Any CPU
		{2BC46297-A1E6-4604-93EB-BD8D05C97CA5}.Release|Any CPU.ActiveCfg = PSM|Any CPU
		{2BC46297-A1E6-4604-93EB-BD8D05C97CA5}.Release|Mixed Platforms.ActiveCfg = PSM|Any CPU
		{2BC46297-A1E6-4604-93EB-BD8D05C97CA5}.Release|x86.ActiveCfg = PSM|Any CPU
		{2BC46297-A1E6-4604-93EB-BD8D05C97CA5}.Windows|Any CPU.ActiveCfg = Windows|Any CPU
		{2BC46297-A1E6-4604-93EB-BD8D05C97CA5}.Windows|Mixed Platforms.ActiveCfg = Windows|Any CPU
		{2BC46297-A1E6-4604-93EB-BD8D05C97CA5}.Windows|x86.ActiveCfg = Windows|Any CPU
		{2BC46297-A1E6-4604-93EB-BD8D05C97CA5}.Windows8|Any CPU.ActiveCfg = Windows8|Any CPU
		{2BC46297-A1E6-4604-93EB-BD8D05C97CA5}.Windows8|Mixed Platforms.ActiveCfg = Windows8|Any CPU
		{2BC46297-A1E6-4604-93EB-BD8D05C97CA5}.Windows8|x86.ActiveCfg = Windows8|Any CPU
	EndGlobalSection
	GlobalSection(SolutionProperties) = preSolution
		HideSolutionNode = FALSE
	EndGlobalSection
EndGlobal
